
Microsoft Visual Studio Solution File, Format Version 12.00
# Visual Studio Version 16
VisualStudioVersion = 16.0.31205.134
MinimumVisualStudioVersion = 10.0.40219.1
Project("{FAE04EC0-301F-11D3-BF4B-00C04F79EFBC}") = "MySQL-CSharp", "MySQL-CSharp\MySQL-CSharp.csproj", "{3BB178FA-64F5-4A71-B662-37347885034E}"
EndProject
Global
	GlobalSection(SolutionConfigurationPlatforms) = preSolution
		Debug|Any CPU = Debug|Any CPU
		Release|Any CPU = Release|Any CPU
	EndGlobalSection
	GlobalSection(ProjectConfigurationPlatforms) = postSolution
		{3BB178FA-64F5-4A71-B662-37347885034E}.Debug|Any CPU.ActiveCfg = Debug|Any CPU
		{3BB178FA-64F5-4A71-B662-37347885034E}.Debug|Any CPU.Build.0 = Debug|Any CPU
		{3BB178FA-64F5-4A71-B662-37347885034E}.Release|Any CPU.ActiveCfg = Release|Any CPU
		{3BB178FA-64F5-4A71-B662-37347885034E}.Release|Any CPU.Build.0 = Release|Any CPU
	EndGlobalSection
	GlobalSection(SolutionProperties) = preSolution
		HideSolutionNode = FALSE
	EndGlobalSection
	GlobalSection(ExtensibilityGlobals) = postSolution
		SolutionGuid = {B735BD14-B924-402B-8456-1F12026277DC}
	EndGlobalSection
EndGlobal
